
Microsoft Visual Studio Solution File, Format Version 12.00
# Visual Studio Version 17
VisualStudioVersion = 17.6.33723.286
MinimumVisualStudioVersion = 10.0.40219.1
Project("{2150E333-8FDC-42A3-9474-1A3956D46DE8}") = "src", "src", "{9D91C803-D913-4DBF-9BFA-DF37B08D2BAA}"
EndProject
Project("{2150E333-8FDC-42A3-9474-1A3956D46DE8}") = "backend", "backend", "{1B0635B5-90AE-4CC0-9667-BCBD1082934A}"
EndProject
Project("{2150E333-8FDC-42A3-9474-1A3956D46DE8}") = "frontend", "frontend", "{3434690B-3122-4896-BDB5-0AD87B0FEB3B}"
EndProject
Project("{2150E333-8FDC-42A3-9474-1A3956D46DE8}") = "tests", "tests", "{5DEA579A-7E99-418B-9FFA-B24365F27E54}"
EndProject
Project("{9A19103F-16F7-4668-BE54-9A1E7A4F7556}") = "KROBEL.Api", "KROBEL.Api\KROBEL.Api.csproj", "{0528686B-8363-4D13-808B-B0994673A663}"
EndProject
Project("{9A19103F-16F7-4668-BE54-9A1E7A4F7556}") = "KROBEL.Domain", "KROBEL.Domain\KROBEL.Domain.csproj", "{9311674E-6254-47A2-90F5-8FB35B72D70C}"
EndProject
Project("{9A19103F-16F7-4668-BE54-9A1E7A4F7556}") = "KROBEL.Repository", "KROBEL.Repository\KROBEL.Repository.csproj", "{876EC3A1-2564-4CC1-BAEA-640935FFF358}"
EndProject
Project("{9A19103F-16F7-4668-BE54-9A1E7A4F7556}") = "KROBEL.Service", "KROBEL.Service\KROBEL.Service.csproj", "{AC1A11B3-CE66-4007-8DBB-439CE0C52C53}"
EndProject
Project("{54A90642-561A-4BB1-A94E-469ADEE60C69}") = "KROBEL.UI", "KROBEL.UI\KROBEL.UI.esproj", "{D64B06A7-F338-4FFF-A527-3EDC1FD65418}"
EndProject
Project("{FAE04EC0-301F-11D3-BF4B-00C04F79EFBC}") = "KROBEL.Tests", "KROBEL.Tests\KROBEL.Tests.csproj", "{9ECF2E78-A5AD-4D08-8B41-6194CD8D3A5D}"
EndProject
Global
	GlobalSection(SolutionConfigurationPlatforms) = preSolution
		Debug|Any CPU = Debug|Any CPU
		Release|Any CPU = Release|Any CPU
	EndGlobalSection
	GlobalSection(ProjectConfigurationPlatforms) = postSolution
		{0528686B-8363-4D13-808B-B0994673A663}.Debug|Any CPU.ActiveCfg = Debug|Any CPU
		{0528686B-8363-4D13-808B-B0994673A663}.Debug|Any CPU.Build.0 = Debug|Any CPU
		{0528686B-8363-4D13-808B-B0994673A663}.Release|Any CPU.ActiveCfg = Release|Any CPU
		{0528686B-8363-4D13-808B-B0994673A663}.Release|Any CPU.Build.0 = Release|Any CPU
		{9311674E-6254-47A2-90F5-8FB35B72D70C}.Debug|Any CPU.ActiveCfg = Debug|Any CPU
		{9311674E-6254-47A2-90F5-8FB35B72D70C}.Debug|Any CPU.Build.0 = Debug|Any CPU
		{9311674E-6254-47A2-90F5-8FB35B72D70C}.Release|Any CPU.ActiveCfg = Release|Any CPU
		{9311674E-6254-47A2-90F5-8FB35B72D70C}.Release|Any CPU.Build.0 = Release|Any CPU
		{876EC3A1-2564-4CC1-BAEA-640935FFF358}.Debug|Any CPU.ActiveCfg = Debug|Any CPU
		{876EC3A1-2564-4CC1-BAEA-640935FFF358}.Debug|Any CPU.Build.0 = Debug|Any CPU
		{876EC3A1-2564-4CC1-BAEA-640935FFF358}.Release|Any CPU.ActiveCfg = Release|Any CPU
		{876EC3A1-2564-4CC1-BAEA-640935FFF358}.Release|Any CPU.Build.0 = Release|Any CPU
		{AC1A11B3-CE66-4007-8DBB-439CE0C52C53}.Debug|Any CPU.ActiveCfg = Debug|Any CPU
		{AC1A11B3-CE66-4007-8DBB-439CE0C52C53}.Debug|Any CPU.Build.0 = Debug|Any CPU
		{AC1A11B3-CE66-4007-8DBB-439CE0C52C53}.Release|Any CPU.ActiveCfg = Release|Any CPU
		{AC1A11B3-CE66-4007-8DBB-439CE0C52C53}.Release|Any CPU.Build.0 = Release|Any CPU
		{D64B06A7-F338-4FFF-A527-3EDC1FD65418}.Debug|Any CPU.ActiveCfg = Debug|Any CPU
		{D64B06A7-F338-4FFF-A527-3EDC1FD65418}.Debug|Any CPU.Build.0 = Debug|Any CPU
		{D64B06A7-F338-4FFF-A527-3EDC1FD65418}.Debug|Any CPU.Deploy.0 = Debug|Any CPU
		{D64B06A7-F338-4FFF-A527-3EDC1FD65418}.Release|Any CPU.ActiveCfg = Release|Any CPU
		{D64B06A7-F338-4FFF-A527-3EDC1FD65418}.Release|Any CPU.Build.0 = Release|Any CPU
		{D64B06A7-F338-4FFF-A527-3EDC1FD65418}.Release|Any CPU.Deploy.0 = Release|Any CPU
		{9ECF2E78-A5AD-4D08-8B41-6194CD8D3A5D}.Debug|Any CPU.ActiveCfg = Debug|Any CPU
		{9ECF2E78-A5AD-4D08-8B41-6194CD8D3A5D}.Debug|Any CPU.Build.0 = Debug|Any CPU
		{9ECF2E78-A5AD-4D08-8B41-6194CD8D3A5D}.Release|Any CPU.ActiveCfg = Release|Any CPU
		{9ECF2E78-A5AD-4D08-8B41-6194CD8D3A5D}.Release|Any CPU.Build.0 = Release|Any CPU
	EndGlobalSection
	GlobalSection(SolutionProperties) = preSolution
		HideSolutionNode = FALSE
	EndGlobalSection
	GlobalSection(NestedProjects) = preSolution
		{1B0635B5-90AE-4CC0-9667-BCBD1082934A} = {9D91C803-D913-4DBF-9BFA-DF37B08D2BAA}
		{3434690B-3122-4896-BDB5-0AD87B0FEB3B} = {9D91C803-D913-4DBF-9BFA-DF37B08D2BAA}
		{5DEA579A-7E99-418B-9FFA-B24365F27E54} = {9D91C803-D913-4DBF-9BFA-DF37B08D2BAA}
		{0528686B-8363-4D13-808B-B0994673A663} = {1B0635B5-90AE-4CC0-9667-BCBD1082934A}
		{9311674E-6254-47A2-90F5-8FB35B72D70C} = {1B0635B5-90AE-4CC0-9667-BCBD1082934A}
		{876EC3A1-2564-4CC1-BAEA-640935FFF358} = {1B0635B5-90AE-4CC0-9667-BCBD1082934A}
		{AC1A11B3-CE66-4007-8DBB-439CE0C52C53} = {1B0635B5-90AE-4CC0-9667-BCBD1082934A}
		{D64B06A7-F338-4FFF-A527-3EDC1FD65418} = {3434690B-3122-4896-BDB5-0AD87B0FEB3B}
		{9ECF2E78-A5AD-4D08-8B41-6194CD8D3A5D} = {5DEA579A-7E99-418B-9FFA-B24365F27E54}
	EndGlobalSection
	GlobalSection(ExtensibilityGlobals) = postSolution
		SolutionGuid = {C0BFE269-DCFE-4DC8-8858-F942966AF27B}
	EndGlobalSection
EndGlobal
